
Microsoft Visual Studio Solution File, Format Version 12.00
# Visual Studio 14
VisualStudioVersion = 14.0.25420.1
MinimumVisualStudioVersion = 10.0.40219.1
Project("{E24C65DC-7377-472B-9ABA-BC803B73C61A}") = "chromExt", "chromExt\", "{DD8910B6-42F3-4B85-B5A7-F7D14EF58F67}"
	ProjectSection(WebsiteProperties) = preProject
		TargetFrameworkMoniker = ".NETFramework,Version%3Dv4.0"
		Debug.AspNetCompiler.VirtualPath = "/localhost_53778"
		Debug.AspNetCompiler.PhysicalPath = "chromExt\"
		Debug.AspNetCompiler.TargetPath = "PrecompiledWeb\localhost_53778\"
		Debug.AspNetCompiler.Updateable = "true"
		Debug.AspNetCompiler.ForceOverwrite = "true"
		Debug.AspNetCompiler.FixedNames = "false"
		Debug.AspNetCompiler.Debug = "True"
		Release.AspNetCompiler.VirtualPath = "/localhost_53778"
		Release.AspNetCompiler.PhysicalPath = "chromExt\"
		Release.AspNetCompiler.TargetPath = "PrecompiledWeb\localhost_53778\"
		Release.AspNetCompiler.Updateable = "true"
		Release.AspNetCompiler.ForceOverwrite = "true"
		Release.AspNetCompiler.FixedNames = "false"
		Release.AspNetCompiler.Debug = "False"
		VWDPort = "53778"
		SlnRelativePath = "chromExt\"
	EndProjectSection
EndProject
Project("{FAE04EC0-301F-11D3-BF4B-00C04F79EFBC}") = "WhatsappUpload", "WhatsappUpload\WhatsappUpload.csproj", "{EC179E1D-94D0-4A64-A305-B82C82E6C888}"
EndProject
Project("{E24C65DC-7377-472B-9ABA-BC803B73C61A}") = "goHurryEngineExt", "goHurryEngineExt\", "{BBCEFB4A-1870-4DB2-8FE2-F2848C36C56B}"
	ProjectSection(WebsiteProperties) = preProject
		TargetFrameworkMoniker = ".NETFramework,Version%3Dv4.5.2"
		Debug.AspNetCompiler.VirtualPath = "/localhost_65214"
		Debug.AspNetCompiler.PhysicalPath = "goHurryEngineExt\"
		Debug.AspNetCompiler.TargetPath = "PrecompiledWeb\localhost_65214\"
		Debug.AspNetCompiler.Updateable = "true"
		Debug.AspNetCompiler.ForceOverwrite = "true"
		Debug.AspNetCompiler.FixedNames = "false"
		Debug.AspNetCompiler.Debug = "True"
		Release.AspNetCompiler.VirtualPath = "/localhost_65214"
		Release.AspNetCompiler.PhysicalPath = "goHurryEngineExt\"
		Release.AspNetCompiler.TargetPath = "PrecompiledWeb\localhost_65214\"
		Release.AspNetCompiler.Updateable = "true"
		Release.AspNetCompiler.ForceOverwrite = "true"
		Release.AspNetCompiler.FixedNames = "false"
		Release.AspNetCompiler.Debug = "False"
		VWDPort = "65214"
		SlnRelativePath = "goHurryEngineExt\"
		DefaultWebSiteLanguage = "Visual C#"
	EndProjectSection
EndProject
Project("{E24C65DC-7377-472B-9ABA-BC803B73C61A}") = "almasiExt", "almasiExt\", "{257D0A1B-190B-4E90-96EF-59C22580DB70}"
	ProjectSection(WebsiteProperties) = preProject
		TargetFrameworkMoniker = ".NETFramework,Version%3Dv4.0"
		Debug.AspNetCompiler.VirtualPath = "/localhost_49629"
		Debug.AspNetCompiler.PhysicalPath = "almasiExt\"
		Debug.AspNetCompiler.TargetPath = "PrecompiledWeb\localhost_49629\"
		Debug.AspNetCompiler.Updateable = "true"
		Debug.AspNetCompiler.ForceOverwrite = "true"
		Debug.AspNetCompiler.FixedNames = "false"
		Debug.AspNetCompiler.Debug = "True"
		Release.AspNetCompiler.VirtualPath = "/localhost_49629"
		Release.AspNetCompiler.PhysicalPath = "almasiExt\"
		Release.AspNetCompiler.TargetPath = "PrecompiledWeb\localhost_49629\"
		Release.AspNetCompiler.Updateable = "true"
		Release.AspNetCompiler.ForceOverwrite = "true"
		Release.AspNetCompiler.FixedNames = "false"
		Release.AspNetCompiler.Debug = "False"
		VWDPort = "49629"
	EndProjectSection
EndProject
Global
	GlobalSection(SolutionConfigurationPlatforms) = preSolution
		Debug|Any CPU = Debug|Any CPU
		Release|Any CPU = Release|Any CPU
	EndGlobalSection
	GlobalSection(ProjectConfigurationPlatforms) = postSolution
		{DD8910B6-42F3-4B85-B5A7-F7D14EF58F67}.Debug|Any CPU.ActiveCfg = Debug|Any CPU
		{DD8910B6-42F3-4B85-B5A7-F7D14EF58F67}.Debug|Any CPU.Build.0 = Debug|Any CPU
		{DD8910B6-42F3-4B85-B5A7-F7D14EF58F67}.Release|Any CPU.ActiveCfg = Debug|Any CPU
		{DD8910B6-42F3-4B85-B5A7-F7D14EF58F67}.Release|Any CPU.Build.0 = Debug|Any CPU
		{EC179E1D-94D0-4A64-A305-B82C82E6C888}.Debug|Any CPU.ActiveCfg = Debug|Any CPU
		{EC179E1D-94D0-4A64-A305-B82C82E6C888}.Debug|Any CPU.Build.0 = Debug|Any CPU
		{EC179E1D-94D0-4A64-A305-B82C82E6C888}.Release|Any CPU.ActiveCfg = Release|Any CPU
		{EC179E1D-94D0-4A64-A305-B82C82E6C888}.Release|Any CPU.Build.0 = Release|Any CPU
		{BBCEFB4A-1870-4DB2-8FE2-F2848C36C56B}.Debug|Any CPU.ActiveCfg = Debug|Any CPU
		{BBCEFB4A-1870-4DB2-8FE2-F2848C36C56B}.Debug|Any CPU.Build.0 = Debug|Any CPU
		{BBCEFB4A-1870-4DB2-8FE2-F2848C36C56B}.Release|Any CPU.ActiveCfg = Debug|Any CPU
		{BBCEFB4A-1870-4DB2-8FE2-F2848C36C56B}.Release|Any CPU.Build.0 = Debug|Any CPU
		{257D0A1B-190B-4E90-96EF-59C22580DB70}.Debug|Any CPU.ActiveCfg = Debug|Any CPU
		{257D0A1B-190B-4E90-96EF-59C22580DB70}.Debug|Any CPU.Build.0 = Debug|Any CPU
		{257D0A1B-190B-4E90-96EF-59C22580DB70}.Release|Any CPU.ActiveCfg = Debug|Any CPU
		{257D0A1B-190B-4E90-96EF-59C22580DB70}.Release|Any CPU.Build.0 = Debug|Any CPU
	EndGlobalSection
	GlobalSection(SolutionProperties) = preSolution
		HideSolutionNode = FALSE
	EndGlobalSection
EndGlobal
